
Microsoft Visual Studio Solution File, Format Version 12.00
# Visual Studio Version 17
VisualStudioVersion = 17.0.31521.260
MinimumVisualStudioVersion = 10.0.40219.1
Project("{9A19103F-16F7-4668-BE54-9A1E7A4F7556}") = "Owleye.Infrastructure", "src\Owleye.Infrastructure\Owleye.Infrastructure.csproj", "{22ED2C13-AB0C-4671-AB5F-B4CD328BC448}"
EndProject
Project("{2150E333-8FDC-42A3-9474-1A3956D46DE8}") = "src", "src", "{9EEFC64B-E9C3-4A05-B5E7-9919E498BB41}"
EndProject
Project("{9A19103F-16F7-4668-BE54-9A1E7A4F7556}") = "Owleye.Domain", "src\Owleye.Domain\Owleye.Domain.csproj", "{F041917C-F618-4ACF-A718-AA84E4E20F63}"
EndProject
Project("{9A19103F-16F7-4668-BE54-9A1E7A4F7556}") = "Owleye.Application", "src\Owleye.Application\Owleye.Application.csproj", "{66F9FDDE-6F16-4B6B-9ED5-DD61317CEA56}"
EndProject
Project("{9A19103F-16F7-4668-BE54-9A1E7A4F7556}") = "Owleye.Shared", "src\Owleye.Shared\Owleye.Shared.csproj", "{A6A098A0-77A8-47FF-AA3D-A9FAE4555A47}"
EndProject
Project("{9A19103F-16F7-4668-BE54-9A1E7A4F7556}") = "Owleye.API", "src\Owleye.API\Owleye.API.csproj", "{28169A18-5099-4B8A-91D9-14B3F936AD36}"
EndProject
Project("{9A19103F-16F7-4668-BE54-9A1E7A4F7556}") = "Owleye.Scramble", "src\Owleye.Scramble\Owleye.Scramble.csproj", "{77F08F29-4A20-4BD6-9DC0-42E1EB306AFB}"
EndProject
Project("{FAE04EC0-301F-11D3-BF4B-00C04F79EFBC}") = "Owleye.WindowsService", "src\Owleye.WindowsService\Owleye.WindowsService.csproj", "{3CF1968B-2883-4D4E-9B4C-27E1A704B288}"
EndProject
Global
	GlobalSection(SolutionConfigurationPlatforms) = preSolution
		Debug|Any CPU = Debug|Any CPU
		Release|Any CPU = Release|Any CPU
	EndGlobalSection
	GlobalSection(ProjectConfigurationPlatforms) = postSolution
		{22ED2C13-AB0C-4671-AB5F-B4CD328BC448}.Debug|Any CPU.ActiveCfg = Debug|Any CPU
		{22ED2C13-AB0C-4671-AB5F-B4CD328BC448}.Debug|Any CPU.Build.0 = Debug|Any CPU
		{22ED2C13-AB0C-4671-AB5F-B4CD328BC448}.Release|Any CPU.ActiveCfg = Release|Any CPU
		{22ED2C13-AB0C-4671-AB5F-B4CD328BC448}.Release|Any CPU.Build.0 = Release|Any CPU
		{F041917C-F618-4ACF-A718-AA84E4E20F63}.Debug|Any CPU.ActiveCfg = Debug|Any CPU
		{F041917C-F618-4ACF-A718-AA84E4E20F63}.Debug|Any CPU.Build.0 = Debug|Any CPU
		{F041917C-F618-4ACF-A718-AA84E4E20F63}.Release|Any CPU.ActiveCfg = Release|Any CPU
		{F041917C-F618-4ACF-A718-AA84E4E20F63}.Release|Any CPU.Build.0 = Release|Any CPU
		{66F9FDDE-6F16-4B6B-9ED5-DD61317CEA56}.Debug|Any CPU.ActiveCfg = Debug|Any CPU
		{66F9FDDE-6F16-4B6B-9ED5-DD61317CEA56}.Debug|Any CPU.Build.0 = Debug|Any CPU
		{66F9FDDE-6F16-4B6B-9ED5-DD61317CEA56}.Release|Any CPU.ActiveCfg = Release|Any CPU
		{66F9FDDE-6F16-4B6B-9ED5-DD61317CEA56}.Release|Any CPU.Build.0 = Release|Any CPU
		{A6A098A0-77A8-47FF-AA3D-A9FAE4555A47}.Debug|Any CPU.ActiveCfg = Debug|Any CPU
		{A6A098A0-77A8-47FF-AA3D-A9FAE4555A47}.Debug|Any CPU.Build.0 = Debug|Any CPU
		{A6A098A0-77A8-47FF-AA3D-A9FAE4555A47}.Release|Any CPU.ActiveCfg = Release|Any CPU
		{A6A098A0-77A8-47FF-AA3D-A9FAE4555A47}.Release|Any CPU.Build.0 = Release|Any CPU
		{28169A18-5099-4B8A-91D9-14B3F936AD36}.Debug|Any CPU.ActiveCfg = Debug|Any CPU
		{28169A18-5099-4B8A-91D9-14B3F936AD36}.Debug|Any CPU.Build.0 = Debug|Any CPU
		{28169A18-5099-4B8A-91D9-14B3F936AD36}.Release|Any CPU.ActiveCfg = Release|Any CPU
		{28169A18-5099-4B8A-91D9-14B3F936AD36}.Release|Any CPU.Build.0 = Release|Any CPU
		{77F08F29-4A20-4BD6-9DC0-42E1EB306AFB}.Debug|Any CPU.ActiveCfg = Debug|Any CPU
		{77F08F29-4A20-4BD6-9DC0-42E1EB306AFB}.Debug|Any CPU.Build.0 = Debug|Any CPU
		{77F08F29-4A20-4BD6-9DC0-42E1EB306AFB}.Release|Any CPU.ActiveCfg = Release|Any CPU
		{77F08F29-4A20-4BD6-9DC0-42E1EB306AFB}.Release|Any CPU.Build.0 = Release|Any CPU
		{3CF1968B-2883-4D4E-9B4C-27E1A704B288}.Debug|Any CPU.ActiveCfg = Debug|Any CPU
		{3CF1968B-2883-4D4E-9B4C-27E1A704B288}.Debug|Any CPU.Build.0 = Debug|Any CPU
		{3CF1968B-2883-4D4E-9B4C-27E1A704B288}.Release|Any CPU.ActiveCfg = Release|Any CPU
		{3CF1968B-2883-4D4E-9B4C-27E1A704B288}.Release|Any CPU.Build.0 = Release|Any CPU
	EndGlobalSection
	GlobalSection(SolutionProperties) = preSolution
		HideSolutionNode = FALSE
	EndGlobalSection
	GlobalSection(NestedProjects) = preSolution
		{22ED2C13-AB0C-4671-AB5F-B4CD328BC448} = {9EEFC64B-E9C3-4A05-B5E7-9919E498BB41}
		{F041917C-F618-4ACF-A718-AA84E4E20F63} = {9EEFC64B-E9C3-4A05-B5E7-9919E498BB41}
		{66F9FDDE-6F16-4B6B-9ED5-DD61317CEA56} = {9EEFC64B-E9C3-4A05-B5E7-9919E498BB41}
		{A6A098A0-77A8-47FF-AA3D-A9FAE4555A47} = {9EEFC64B-E9C3-4A05-B5E7-9919E498BB41}
		{28169A18-5099-4B8A-91D9-14B3F936AD36} = {9EEFC64B-E9C3-4A05-B5E7-9919E498BB41}
		{77F08F29-4A20-4BD6-9DC0-42E1EB306AFB} = {9EEFC64B-E9C3-4A05-B5E7-9919E498BB41}
		{3CF1968B-2883-4D4E-9B4C-27E1A704B288} = {9EEFC64B-E9C3-4A05-B5E7-9919E498BB41}
	EndGlobalSection
	GlobalSection(ExtensibilityGlobals) = postSolution
		SolutionGuid = {92BB3B15-89A1-4F11-AC86-D59B9993A7CF}
	EndGlobalSection
EndGlobal
